
Microsoft Visual Studio Solution File, Format Version 12.00
# Visual Studio Version 16
VisualStudioVersion = 25.0.1704.4
MinimumVisualStudioVersion = 10.0.40219.1
Project("{FAE04EC0-301F-11D3-BF4B-00C04F79EFBC}") = "DotStatus", "DotStatusPlugin\DotStatus.csproj", "{3C3788ED-7157-4C84-95BB-F8EF1A2E9188}"
EndProject
Project("{FAE04EC0-301F-11D3-BF4B-00C04F79EFBC}") = "MCGalaxy_", "..\MCGalaxy\MCGalaxy\MCGalaxy_.csproj", "{12597DB0-7C34-4DE1-88EA-9250FF3372EB}"
EndProject
Global
	GlobalSection(SolutionConfigurationPlatforms) = preSolution
		Debug|Any CPU = Debug|Any CPU
		Release|Any CPU = Release|Any CPU
		Debug|x86 = Debug|x86
		Release|x86 = Release|x86
	EndGlobalSection
	GlobalSection(ProjectConfigurationPlatforms) = postSolution
		{3C3788ED-7157-4C84-95BB-F8EF1A2E9188}.Debug|Any CPU.ActiveCfg = Debug|Any CPU
		{3C3788ED-7157-4C84-95BB-F8EF1A2E9188}.Debug|Any CPU.Build.0 = Debug|Any CPU
		{3C3788ED-7157-4C84-95BB-F8EF1A2E9188}.Release|Any CPU.ActiveCfg = Release|Any CPU
		{3C3788ED-7157-4C84-95BB-F8EF1A2E9188}.Release|Any CPU.Build.0 = Release|Any CPU
		{3C3788ED-7157-4C84-95BB-F8EF1A2E9188}.Debug|x86.ActiveCfg = Debug|Any CPU
		{3C3788ED-7157-4C84-95BB-F8EF1A2E9188}.Debug|x86.Build.0 = Debug|Any CPU
		{3C3788ED-7157-4C84-95BB-F8EF1A2E9188}.Release|x86.ActiveCfg = Release|Any CPU
		{3C3788ED-7157-4C84-95BB-F8EF1A2E9188}.Release|x86.Build.0 = Release|Any CPU
		{12597DB0-7C34-4DE1-88EA-9250FF3372EB}.Debug|Any CPU.ActiveCfg = Debug|x86
		{12597DB0-7C34-4DE1-88EA-9250FF3372EB}.Debug|Any CPU.Build.0 = Debug|x86
		{12597DB0-7C34-4DE1-88EA-9250FF3372EB}.Release|Any CPU.ActiveCfg = Release|x86
		{12597DB0-7C34-4DE1-88EA-9250FF3372EB}.Release|Any CPU.Build.0 = Release|x86
		{12597DB0-7C34-4DE1-88EA-9250FF3372EB}.Debug|x86.ActiveCfg = Debug|x86
		{12597DB0-7C34-4DE1-88EA-9250FF3372EB}.Debug|x86.Build.0 = Debug|x86
		{12597DB0-7C34-4DE1-88EA-9250FF3372EB}.Release|x86.ActiveCfg = Release|x86
		{12597DB0-7C34-4DE1-88EA-9250FF3372EB}.Release|x86.Build.0 = Release|x86
	EndGlobalSection
	GlobalSection(SolutionProperties) = preSolution
		HideSolutionNode = FALSE
	EndGlobalSection
	GlobalSection(ExtensibilityGlobals) = postSolution
		SolutionGuid = {6071CFB4-5005-4785-99A0-808C3CB27BC3}
	EndGlobalSection
EndGlobal
