
Microsoft Visual Studio Solution File, Format Version 12.00
# Visual Studio Version 16
VisualStudioVersion = 25.0.1705.3
MinimumVisualStudioVersion = 10.0.40219.1
Project("{FAE04EC0-301F-11D3-BF4B-00C04F79EFBC}") = "Commands", "Commands\Commands.csproj", "{4D33BA3A-FD86-492D-8E2D-736DDD6B9608}"
EndProject
Global
	GlobalSection(SolutionConfigurationPlatforms) = preSolution
		Debug|Any CPU = Debug|Any CPU
		Release|Any CPU = Release|Any CPU
	EndGlobalSection
	GlobalSection(ProjectConfigurationPlatforms) = postSolution
		{4D33BA3A-FD86-492D-8E2D-736DDD6B9608}.Debug|Any CPU.ActiveCfg = Debug|Any CPU
		{4D33BA3A-FD86-492D-8E2D-736DDD6B9608}.Debug|Any CPU.Build.0 = Debug|Any CPU
		{4D33BA3A-FD86-492D-8E2D-736DDD6B9608}.Release|Any CPU.ActiveCfg = Release|Any CPU
		{4D33BA3A-FD86-492D-8E2D-736DDD6B9608}.Release|Any CPU.Build.0 = Release|Any CPU
	EndGlobalSection
	GlobalSection(SolutionProperties) = preSolution
		HideSolutionNode = FALSE
	EndGlobalSection
	GlobalSection(ExtensibilityGlobals) = postSolution
		SolutionGuid = {420BDD0B-B381-40E8-A89C-C8103291687B}
	EndGlobalSection
EndGlobal
