
Microsoft Visual Studio Solution File, Format Version 12.00
# Visual Studio Version 16
VisualStudioVersion = 25.0.1705.3
MinimumVisualStudioVersion = 10.0.40219.1
Project("{FAE04EC0-301F-11D3-BF4B-00C04F79EFBC}") = "OneBlockPerMinutePlugin", "OneBlockPerMinutePlugin\OneBlockPerMinutePlugin.csproj", "{89203661-BF1A-4D79-9DEA-BEE1724177BD}"
EndProject
Global
	GlobalSection(SolutionConfigurationPlatforms) = preSolution
		Debug|Any CPU = Debug|Any CPU
		Release|Any CPU = Release|Any CPU
	EndGlobalSection
	GlobalSection(ProjectConfigurationPlatforms) = postSolution
		{89203661-BF1A-4D79-9DEA-BEE1724177BD}.Debug|Any CPU.ActiveCfg = Debug|Any CPU
		{89203661-BF1A-4D79-9DEA-BEE1724177BD}.Debug|Any CPU.Build.0 = Debug|Any CPU
		{89203661-BF1A-4D79-9DEA-BEE1724177BD}.Release|Any CPU.ActiveCfg = Release|Any CPU
		{89203661-BF1A-4D79-9DEA-BEE1724177BD}.Release|Any CPU.Build.0 = Release|Any CPU
	EndGlobalSection
	GlobalSection(SolutionProperties) = preSolution
		HideSolutionNode = FALSE
	EndGlobalSection
	GlobalSection(ExtensibilityGlobals) = postSolution
		SolutionGuid = {FBB6E32A-F7B7-4C35-8883-EB8CB6A4541C}
	EndGlobalSection
EndGlobal
